
Microsoft Visual Studio Solution File, Format Version 12.00
# Visual Studio Version 16
VisualStudioVersion = 16.0.31205.134
MinimumVisualStudioVersion = 10.0.40219.1
Project("{FAE04EC0-301F-11D3-BF4B-00C04F79EFBC}") = "Sample Application", "Sample Application.csproj", "{DCC95AB4-D867-4451-8875-CD421A0A58F0}"
EndProject
Global
	GlobalSection(SolutionConfigurationPlatforms) = preSolution
		Debug|Any CPU = Debug|Any CPU
		Release|Any CPU = Release|Any CPU
	EndGlobalSection
	GlobalSection(ProjectConfigurationPlatforms) = postSolution
		{DCC95AB4-D867-4451-8875-CD421A0A58F0}.Debug|Any CPU.ActiveCfg = Debug|Any CPU
		{DCC95AB4-D867-4451-8875-CD421A0A58F0}.Debug|Any CPU.Build.0 = Debug|Any CPU
		{DCC95AB4-D867-4451-8875-CD421A0A58F0}.Release|Any CPU.ActiveCfg = Release|Any CPU
		{DCC95AB4-D867-4451-8875-CD421A0A58F0}.Release|Any CPU.Build.0 = Release|Any CPU
	EndGlobalSection
	GlobalSection(SolutionProperties) = preSolution
		HideSolutionNode = FALSE
	EndGlobalSection
	GlobalSection(ExtensibilityGlobals) = postSolution
		SolutionGuid = {705D8FA7-2F62-42FA-B264-A56FA0E77540}
	EndGlobalSection
EndGlobal
